
Microsoft Visual Studio Solution File, Format Version 12.00
# Visual Studio Version 16
VisualStudioVersion = 16.0.30621.155
MinimumVisualStudioVersion = 10.0.40219.1
Project("{9A19103F-16F7-4668-BE54-9A1E7A4F7556}") = "Uppgift 1 Pension", "Uppgift 1 Pension.csproj", "{91216EC4-97C6-40B3-B6C3-49F6E6AEC418}"
EndProject
Global
	GlobalSection(SolutionConfigurationPlatforms) = preSolution
		Debug|Any CPU = Debug|Any CPU
		Release|Any CPU = Release|Any CPU
	EndGlobalSection
	GlobalSection(ProjectConfigurationPlatforms) = postSolution
		{91216EC4-97C6-40B3-B6C3-49F6E6AEC418}.Debug|Any CPU.ActiveCfg = Debug|Any CPU
		{91216EC4-97C6-40B3-B6C3-49F6E6AEC418}.Debug|Any CPU.Build.0 = Debug|Any CPU
		{91216EC4-97C6-40B3-B6C3-49F6E6AEC418}.Release|Any CPU.ActiveCfg = Release|Any CPU
		{91216EC4-97C6-40B3-B6C3-49F6E6AEC418}.Release|Any CPU.Build.0 = Release|Any CPU
	EndGlobalSection
	GlobalSection(SolutionProperties) = preSolution
		HideSolutionNode = FALSE
	EndGlobalSection
	GlobalSection(ExtensibilityGlobals) = postSolution
		SolutionGuid = {E8C3A726-9F8D-4A6B-84E3-1346D15F769B}
	EndGlobalSection
EndGlobal
